
Microsoft Visual Studio Solution File, Format Version 12.00
# Visual Studio Version 17
VisualStudioVersion = 17.14.36915.13 d17.14
MinimumVisualStudioVersion = 10.0.40219.1
Project("{888888A0-9F3D-457C-B088-3A5042F75D52}") = "py code to check whether a character is an alphabet, digit, or special character", "py code to check whether a character is an alphabet, digit, or special character.pyproj", "{299EA677-D5D5-4F66-AAC2-91BB418BF546}"
EndProject
Global
	GlobalSection(SolutionConfigurationPlatforms) = preSolution
		Debug|Any CPU = Debug|Any CPU
		Release|Any CPU = Release|Any CPU
	EndGlobalSection
	GlobalSection(ProjectConfigurationPlatforms) = postSolution
		{299EA677-D5D5-4F66-AAC2-91BB418BF546}.Debug|Any CPU.ActiveCfg = Debug|Any CPU
		{299EA677-D5D5-4F66-AAC2-91BB418BF546}.Release|Any CPU.ActiveCfg = Release|Any CPU
	EndGlobalSection
	GlobalSection(SolutionProperties) = preSolution
		HideSolutionNode = FALSE
	EndGlobalSection
	GlobalSection(ExtensibilityGlobals) = postSolution
		SolutionGuid = {BC7AF5F9-4B1C-4AA4-91F5-E7A96EBF235E}
	EndGlobalSection
EndGlobal
