
Microsoft Visual Studio Solution File, Format Version 12.00
# Visual Studio Version 17
VisualStudioVersion = 17.14.36915.13 d17.14
MinimumVisualStudioVersion = 10.0.40219.1
Project("{888888A0-9F3D-457C-B088-3A5042F75D52}") = "python code to Check if a year is a leap year or not", "python code to Check if a year is a leap year or not.pyproj", "{E03089B2-78CA-4845-918A-D8E6FBF30AC7}"
EndProject
Global
	GlobalSection(SolutionConfigurationPlatforms) = preSolution
		Debug|Any CPU = Debug|Any CPU
		Release|Any CPU = Release|Any CPU
	EndGlobalSection
	GlobalSection(ProjectConfigurationPlatforms) = postSolution
		{E03089B2-78CA-4845-918A-D8E6FBF30AC7}.Debug|Any CPU.ActiveCfg = Debug|Any CPU
		{E03089B2-78CA-4845-918A-D8E6FBF30AC7}.Release|Any CPU.ActiveCfg = Release|Any CPU
	EndGlobalSection
	GlobalSection(SolutionProperties) = preSolution
		HideSolutionNode = FALSE
	EndGlobalSection
	GlobalSection(ExtensibilityGlobals) = postSolution
		SolutionGuid = {2E5C34B0-7D44-4E54-B132-F1EE2B6B0637}
	EndGlobalSection
EndGlobal
